
Microsoft Visual Studio Solution File, Format Version 12.00
# Visual Studio Version 16
VisualStudioVersion = 16.0.31613.86
MinimumVisualStudioVersion = 10.0.40219.1
Project("{F184B08F-C81C-45F6-A57F-5ABD9991F28F}") = "HelloWorld", "HelloWorld\HelloWorld.vbproj", "{02578A5E-E0D1-4ACD-95A2-B406B3C75D98}"
EndProject
Global
	GlobalSection(SolutionConfigurationPlatforms) = preSolution
		Debug|Any CPU = Debug|Any CPU
		Release|Any CPU = Release|Any CPU
	EndGlobalSection
	GlobalSection(ProjectConfigurationPlatforms) = postSolution
		{02578A5E-E0D1-4ACD-95A2-B406B3C75D98}.Debug|Any CPU.ActiveCfg = Debug|Any CPU
		{02578A5E-E0D1-4ACD-95A2-B406B3C75D98}.Debug|Any CPU.Build.0 = Debug|Any CPU
		{02578A5E-E0D1-4ACD-95A2-B406B3C75D98}.Release|Any CPU.ActiveCfg = Release|Any CPU
		{02578A5E-E0D1-4ACD-95A2-B406B3C75D98}.Release|Any CPU.Build.0 = Release|Any CPU
	EndGlobalSection
	GlobalSection(SolutionProperties) = preSolution
		HideSolutionNode = FALSE
	EndGlobalSection
	GlobalSection(ExtensibilityGlobals) = postSolution
		SolutionGuid = {F2579C1D-8D05-4CD7-BE61-36D1B5E88536}
	EndGlobalSection
EndGlobal
